
Microsoft Visual Studio Solution File, Format Version 12.00
# Visual Studio 2013
VisualStudioVersion = 12.0.30501.0
MinimumVisualStudioVersion = 10.0.40219.1
Project("{FAE04EC0-301F-11D3-BF4B-00C04F79EFBC}") = "DataStructuresNET", "DataStructuresNET\DataStructuresNET.csproj", "{2ACA2DC4-9775-4775-8A7B-BD506C0A1204}"
EndProject
Project("{FAE04EC0-301F-11D3-BF4B-00C04F79EFBC}") = "DataStructuresNET.Tests", "DataStructuresNET.Tests\DataStructuresNET.Tests.csproj", "{19A70E49-31C5-44F6-8D0D-A479CA6C0952}"
EndProject
Global
	GlobalSection(SolutionConfigurationPlatforms) = preSolution
		Debug|Any CPU = Debug|Any CPU
		Release|Any CPU = Release|Any CPU
	EndGlobalSection
	GlobalSection(ProjectConfigurationPlatforms) = postSolution
		{2ACA2DC4-9775-4775-8A7B-BD506C0A1204}.Debug|Any CPU.ActiveCfg = Debug|Any CPU
		{2ACA2DC4-9775-4775-8A7B-BD506C0A1204}.Debug|Any CPU.Build.0 = Debug|Any CPU
		{2ACA2DC4-9775-4775-8A7B-BD506C0A1204}.Release|Any CPU.ActiveCfg = Release|Any CPU
		{2ACA2DC4-9775-4775-8A7B-BD506C0A1204}.Release|Any CPU.Build.0 = Release|Any CPU
		{19A70E49-31C5-44F6-8D0D-A479CA6C0952}.Debug|Any CPU.ActiveCfg = Debug|Any CPU
		{19A70E49-31C5-44F6-8D0D-A479CA6C0952}.Debug|Any CPU.Build.0 = Debug|Any CPU
		{19A70E49-31C5-44F6-8D0D-A479CA6C0952}.Release|Any CPU.ActiveCfg = Release|Any CPU
		{19A70E49-31C5-44F6-8D0D-A479CA6C0952}.Release|Any CPU.Build.0 = Release|Any CPU
	EndGlobalSection
	GlobalSection(SolutionProperties) = preSolution
		HideSolutionNode = FALSE
	EndGlobalSection
EndGlobal
